
Microsoft Visual Studio Solution File, Format Version 12.00
# Visual Studio Version 17
VisualStudioVersion = 17.3.32929.385
MinimumVisualStudioVersion = 10.0.40219.1
Project("{FAE04EC0-301F-11D3-BF4B-00C04F79EFBC}") = "Task1", "Task1\Task1.csproj", "{FB4EC95E-895C-4031-BF3C-00A4BD4DD0BB}"
EndProject
Project("{FAE04EC0-301F-11D3-BF4B-00C04F79EFBC}") = "Task2", "Task2\Task2.csproj", "{14B30622-7D8D-43EE-A073-7E081D7B1A62}"
EndProject
Project("{2150E333-8FDC-42A3-9474-1A3956D46DE8}") = "Task3", "Task3", "{F7BEDBC5-EEBA-42C4-9E02-C66B54944D76}"
EndProject
Project("{FAE04EC0-301F-11D3-BF4B-00C04F79EFBC}") = "Task3", "Task3\Task3\Task3.csproj", "{C69B52D8-3447-4030-89C7-563AA1D3D307}"
EndProject
Project("{FAE04EC0-301F-11D3-BF4B-00C04F79EFBC}") = "Task4", "Task4\ConsoleApp1\Task4.csproj", "{B09C70BC-4AEB-4883-8E6F-C8C609B1636E}"
EndProject
Global
	GlobalSection(SolutionConfigurationPlatforms) = preSolution
		Debug|Any CPU = Debug|Any CPU
		Release|Any CPU = Release|Any CPU
	EndGlobalSection
	GlobalSection(ProjectConfigurationPlatforms) = postSolution
		{FB4EC95E-895C-4031-BF3C-00A4BD4DD0BB}.Debug|Any CPU.ActiveCfg = Debug|Any CPU
		{FB4EC95E-895C-4031-BF3C-00A4BD4DD0BB}.Debug|Any CPU.Build.0 = Debug|Any CPU
		{FB4EC95E-895C-4031-BF3C-00A4BD4DD0BB}.Release|Any CPU.ActiveCfg = Release|Any CPU
		{FB4EC95E-895C-4031-BF3C-00A4BD4DD0BB}.Release|Any CPU.Build.0 = Release|Any CPU
		{14B30622-7D8D-43EE-A073-7E081D7B1A62}.Debug|Any CPU.ActiveCfg = Debug|Any CPU
		{14B30622-7D8D-43EE-A073-7E081D7B1A62}.Debug|Any CPU.Build.0 = Debug|Any CPU
		{14B30622-7D8D-43EE-A073-7E081D7B1A62}.Release|Any CPU.ActiveCfg = Release|Any CPU
		{14B30622-7D8D-43EE-A073-7E081D7B1A62}.Release|Any CPU.Build.0 = Release|Any CPU
		{C69B52D8-3447-4030-89C7-563AA1D3D307}.Debug|Any CPU.ActiveCfg = Debug|Any CPU
		{C69B52D8-3447-4030-89C7-563AA1D3D307}.Debug|Any CPU.Build.0 = Debug|Any CPU
		{C69B52D8-3447-4030-89C7-563AA1D3D307}.Release|Any CPU.ActiveCfg = Release|Any CPU
		{C69B52D8-3447-4030-89C7-563AA1D3D307}.Release|Any CPU.Build.0 = Release|Any CPU
		{B09C70BC-4AEB-4883-8E6F-C8C609B1636E}.Debug|Any CPU.ActiveCfg = Debug|Any CPU
		{B09C70BC-4AEB-4883-8E6F-C8C609B1636E}.Debug|Any CPU.Build.0 = Debug|Any CPU
		{B09C70BC-4AEB-4883-8E6F-C8C609B1636E}.Release|Any CPU.ActiveCfg = Release|Any CPU
		{B09C70BC-4AEB-4883-8E6F-C8C609B1636E}.Release|Any CPU.Build.0 = Release|Any CPU
	EndGlobalSection
	GlobalSection(SolutionProperties) = preSolution
		HideSolutionNode = FALSE
	EndGlobalSection
	GlobalSection(NestedProjects) = preSolution
		{C69B52D8-3447-4030-89C7-563AA1D3D307} = {F7BEDBC5-EEBA-42C4-9E02-C66B54944D76}
	EndGlobalSection
	GlobalSection(ExtensibilityGlobals) = postSolution
		SolutionGuid = {40384965-C245-4574-9A01-0F736502D7EB}
	EndGlobalSection
EndGlobal
